// !$*UTF8*$!
{
	archiveVersion = 1;
	classes = {
	};
	objectVersion = 51;
	objects = {

/* Begin PBXBuildFile section */
		2643544824ED21B00070D997 /* SFUIText-SemiboldItalic.ttf in Resources */ = {isa = PBXBuildFile; fileRef = 2643543C24ED21AF0070D997 /* SFUIText-SemiboldItalic.ttf */; };
		2643544924ED21B00070D997 /* SFUIText-Italic.ttf in Resources */ = {isa = PBXBuildFile; fileRef = 2643543D24ED21AF0070D997 /* SFUIText-Italic.ttf */; };
		2643544A24ED21B00070D997 /* SFUIText-HeavyItalic.ttf in Resources */ = {isa = PBXBuildFile; fileRef = 2643543E24ED21AF0070D997 /* SFUIText-HeavyItalic.ttf */; };
		2643544B24ED21B00070D997 /* SFUIText-Bold.ttf in Resources */ = {isa = PBXBuildFile; fileRef = 2643543F24ED21AF0070D997 /* SFUIText-Bold.ttf */; };
		2643544C24ED21B00070D997 /* SFUIText-Heavy.ttf in Resources */ = {isa = PBXBuildFile; fileRef = 2643544024ED21AF0070D997 /* SFUIText-Heavy.ttf */; };
		2643544D24ED21B00070D997 /* SFUIText-LightItalic.ttf in Resources */ = {isa = PBXBuildFile; fileRef = 2643544124ED21AF0070D997 /* SFUIText-LightItalic.ttf */; };
		2643544E24ED21B00070D997 /* SFUIText-BoldItalic.ttf in Resources */ = {isa = PBXBuildFile; fileRef = 2643544224ED21AF0070D997 /* SFUIText-BoldItalic.ttf */; };
		2643544F24ED21B00070D997 /* SFUIText-Medium.ttf in Resources */ = {isa = PBXBuildFile; fileRef = 2643544324ED21AF0070D997 /* SFUIText-Medium.ttf */; };
		2643545024ED21B00070D997 /* SFUIText-MediumItalic.ttf in Resources */ = {isa = PBXBuildFile; fileRef = 2643544424ED21AF0070D997 /* SFUIText-MediumItalic.ttf */; };
		2643545124ED21B00070D997 /* SFUIText-Semibold.ttf in Resources */ = {isa = PBXBuildFile; fileRef = 2643544524ED21AF0070D997 /* SFUIText-Semibold.ttf */; };
		2643545224ED21B00070D997 /* SFUIText-Light.ttf in Resources */ = {isa = PBXBuildFile; fileRef = 2643544624ED21AF0070D997 /* SFUIText-Light.ttf */; };
		2643545324ED21B00070D997 /* SFUIText-Regular.ttf in Resources */ = {isa = PBXBuildFile; fileRef = 2643544724ED21AF0070D997 /* SFUIText-Regular.ttf */; };
		2643545724ED34B30070D997 /* BaseViewController.swift in Sources */ = {isa = PBXBuildFile; fileRef = 2643545624ED34B30070D997 /* BaseViewController.swift */; };
		2643545924ED549A0070D997 /* Colors.xcassets in Resources */ = {isa = PBXBuildFile; fileRef = 2643545824ED549A0070D997 /* Colors.xcassets */; };
		2643545B24ED58220070D997 /* Float+Ext.swift in Sources */ = {isa = PBXBuildFile; fileRef = 2643545A24ED58220070D997 /* Float+Ext.swift */; };
		2644BC9924EB9FFD008048CF /* ParsingManager.swift in Sources */ = {isa = PBXBuildFile; fileRef = 2644BC9824EB9FFD008048CF /* ParsingManager.swift */; };
		2644BC9C24EBBF84008048CF /* ProgressManager.swift in Sources */ = {isa = PBXBuildFile; fileRef = 2644BC9B24EBBF84008048CF /* ProgressManager.swift */; };
		2644BC9E24EBFF54008048CF /* Coord.swift in Sources */ = {isa = PBXBuildFile; fileRef = 2644BC9D24EBFF54008048CF /* Coord.swift */; };
		2644BCA024EBFF5A008048CF /* Main.swift in Sources */ = {isa = PBXBuildFile; fileRef = 2644BC9F24EBFF5A008048CF /* Main.swift */; };
		2644BCA224EBFF63008048CF /* Wind.swift in Sources */ = {isa = PBXBuildFile; fileRef = 2644BCA124EBFF63008048CF /* Wind.swift */; };
		2644BCA424EBFF69008048CF /* Weather.swift in Sources */ = {isa = PBXBuildFile; fileRef = 2644BCA324EBFF69008048CF /* Weather.swift */; };
		2644BCA624EBFF72008048CF /* Clouds.swift in Sources */ = {isa = PBXBuildFile; fileRef = 2644BCA524EBFF72008048CF /* Clouds.swift */; };
		2644BCA824EBFF77008048CF /* Sys.swift in Sources */ = {isa = PBXBuildFile; fileRef = 2644BCA724EBFF77008048CF /* Sys.swift */; };
		2648B45B24EA46D300CDE1F0 /* AppDelegate.swift in Sources */ = {isa = PBXBuildFile; fileRef = 2648B45A24EA46D300CDE1F0 /* AppDelegate.swift */; };
		2648B45F24EA46D300CDE1F0 /* SearchViewController.swift in Sources */ = {isa = PBXBuildFile; fileRef = 2648B45E24EA46D300CDE1F0 /* SearchViewController.swift */; };
		2648B46524EA46D300CDE1F0 /* WeatherMe.xcdatamodeld in Sources */ = {isa = PBXBuildFile; fileRef = 2648B46324EA46D300CDE1F0 /* WeatherMe.xcdatamodeld */; };
		2648B46724EA46D300CDE1F0 /* Assets.xcassets in Resources */ = {isa = PBXBuildFile; fileRef = 2648B46624EA46D300CDE1F0 /* Assets.xcassets */; };
		2648B46A24EA46D300CDE1F0 /* LaunchScreen.storyboard in Resources */ = {isa = PBXBuildFile; fileRef = 2648B46824EA46D300CDE1F0 /* LaunchScreen.storyboard */; };
		2648B47224EA4BDF00CDE1F0 /* SplashViewController.swift in Sources */ = {isa = PBXBuildFile; fileRef = 2648B47124EA4BDF00CDE1F0 /* SplashViewController.swift */; };
		2648B47424EA4CCA00CDE1F0 /* RootViewController.swift in Sources */ = {isa = PBXBuildFile; fileRef = 2648B47324EA4CCA00CDE1F0 /* RootViewController.swift */; };
		2648B47724EA544C00CDE1F0 /* SecondViewController.swift in Sources */ = {isa = PBXBuildFile; fileRef = 2648B47624EA544C00CDE1F0 /* SecondViewController.swift */; };
		2648B47924EA545800CDE1F0 /* ThirdViewController.swift in Sources */ = {isa = PBXBuildFile; fileRef = 2648B47824EA545800CDE1F0 /* ThirdViewController.swift */; };
		2648B47C24EA5E6A00CDE1F0 /* DetailViewController.swift in Sources */ = {isa = PBXBuildFile; fileRef = 2648B47B24EA5E6A00CDE1F0 /* DetailViewController.swift */; };
		2648B47E24EA5F4100CDE1F0 /* UIView+Ext.swift in Sources */ = {isa = PBXBuildFile; fileRef = 2648B47D24EA5F4100CDE1F0 /* UIView+Ext.swift */; };
		2648B48024EA6F1900CDE1F0 /* SeachBar+Ext.swift in Sources */ = {isa = PBXBuildFile; fileRef = 2648B47F24EA6F1900CDE1F0 /* SeachBar+Ext.swift */; };
		2648B48624EA8D8000CDE1F0 /* AlamofireManager.swift in Sources */ = {isa = PBXBuildFile; fileRef = 2648B48524EA8D8000CDE1F0 /* AlamofireManager.swift */; };
		2648B48824EA8DD000CDE1F0 /* BaseNetworkService.swift in Sources */ = {isa = PBXBuildFile; fileRef = 2648B48724EA8DD000CDE1F0 /* BaseNetworkService.swift */; };
		2648B48A24EAA33E00CDE1F0 /* AlamofireError.swift in Sources */ = {isa = PBXBuildFile; fileRef = 2648B48924EAA33E00CDE1F0 /* AlamofireError.swift */; };
		2648B48C24EAA49200CDE1F0 /* WeatherRequests.swift in Sources */ = {isa = PBXBuildFile; fileRef = 2648B48B24EAA49200CDE1F0 /* WeatherRequests.swift */; };
		2648B48E24EAA83900CDE1F0 /* ServerCommunication.swift in Sources */ = {isa = PBXBuildFile; fileRef = 2648B48D24EAA83900CDE1F0 /* ServerCommunication.swift */; };
		2648B49124EAA8F300CDE1F0 /* WeatherDataProvider.swift in Sources */ = {isa = PBXBuildFile; fileRef = 2648B49024EAA8F300CDE1F0 /* WeatherDataProvider.swift */; };
		2648B49524EAB09500CDE1F0 /* BaseDataProvider.swift in Sources */ = {isa = PBXBuildFile; fileRef = 2648B49424EAB09500CDE1F0 /* BaseDataProvider.swift */; };
		2648B49D24EABC1D00CDE1F0 /* City.swift in Sources */ = {isa = PBXBuildFile; fileRef = 2648B49C24EABC1D00CDE1F0 /* City.swift */; };
		2648B49F24EABECA00CDE1F0 /* SearchViewControllerViewModel.swift in Sources */ = {isa = PBXBuildFile; fileRef = 2648B49E24EABECA00CDE1F0 /* SearchViewControllerViewModel.swift */; };
		30E2C1FA781B7E6BC4873CC3 /* Pods_WeatherMe.framework in Frameworks */ = {isa = PBXBuildFile; fileRef = C3F598D6B501DE76A179E7CD /* Pods_WeatherMe.framework */; };
/* End PBXBuildFile section */

/* Begin PBXFileReference section */
		2643543C24ED21AF0070D997 /* SFUIText-SemiboldItalic.ttf */ = {isa = PBXFileReference; lastKnownFileType = file; path = "SFUIText-SemiboldItalic.ttf"; sourceTree = "<group>"; };
		2643543D24ED21AF0070D997 /* SFUIText-Italic.ttf */ = {isa = PBXFileReference; lastKnownFileType = file; path = "SFUIText-Italic.ttf"; sourceTree = "<group>"; };
		2643543E24ED21AF0070D997 /* SFUIText-HeavyItalic.ttf */ = {isa = PBXFileReference; lastKnownFileType = file; path = "SFUIText-HeavyItalic.ttf"; sourceTree = "<group>"; };
		2643543F24ED21AF0070D997 /* SFUIText-Bold.ttf */ = {isa = PBXFileReference; lastKnownFileType = file; path = "SFUIText-Bold.ttf"; sourceTree = "<group>"; };
		2643544024ED21AF0070D997 /* SFUIText-Heavy.ttf */ = {isa = PBXFileReference; lastKnownFileType = file; path = "SFUIText-Heavy.ttf"; sourceTree = "<group>"; };
		2643544124ED21AF0070D997 /* SFUIText-LightItalic.ttf */ = {isa = PBXFileReference; lastKnownFileType = file; path = "SFUIText-LightItalic.ttf"; sourceTree = "<group>"; };
		2643544224ED21AF0070D997 /* SFUIText-BoldItalic.ttf */ = {isa = PBXFileReference; lastKnownFileType = file; path = "SFUIText-BoldItalic.ttf"; sourceTree = "<group>"; };
		2643544324ED21AF0070D997 /* SFUIText-Medium.ttf */ = {isa = PBXFileReference; lastKnownFileType = file; path = "SFUIText-Medium.ttf"; sourceTree = "<group>"; };
		2643544424ED21AF0070D997 /* SFUIText-MediumItalic.ttf */ = {isa = PBXFileReference; lastKnownFileType = file; path = "SFUIText-MediumItalic.ttf"; sourceTree = "<group>"; };
		2643544524ED21AF0070D997 /* SFUIText-Semibold.ttf */ = {isa = PBXFileReference; lastKnownFileType = file; path = "SFUIText-Semibold.ttf"; sourceTree = "<group>"; };
		2643544624ED21AF0070D997 /* SFUIText-Light.ttf */ = {isa = PBXFileReference; lastKnownFileType = file; path = "SFUIText-Light.ttf"; sourceTree = "<group>"; };
		2643544724ED21AF0070D997 /* SFUIText-Regular.ttf */ = {isa = PBXFileReference; lastKnownFileType = file; path = "SFUIText-Regular.ttf"; sourceTree = "<group>"; };
		2643545624ED34B30070D997 /* BaseViewController.swift */ = {isa = PBXFileReference; lastKnownFileType = sourcecode.swift; path = BaseViewController.swift; sourceTree = "<group>"; };
		2643545824ED549A0070D997 /* Colors.xcassets */ = {isa = PBXFileReference; lastKnownFileType = folder.assetcatalog; path = Colors.xcassets; sourceTree = "<group>"; };
		2643545A24ED58220070D997 /* Float+Ext.swift */ = {isa = PBXFileReference; lastKnownFileType = sourcecode.swift; path = "Float+Ext.swift"; sourceTree = "<group>"; };
		2644BC9824EB9FFD008048CF /* ParsingManager.swift */ = {isa = PBXFileReference; lastKnownFileType = sourcecode.swift; path = ParsingManager.swift; sourceTree = "<group>"; };
		2644BC9B24EBBF84008048CF /* ProgressManager.swift */ = {isa = PBXFileReference; lastKnownFileType = sourcecode.swift; path = ProgressManager.swift; sourceTree = "<group>"; };
		2644BC9D24EBFF54008048CF /* Coord.swift */ = {isa = PBXFileReference; lastKnownFileType = sourcecode.swift; path = Coord.swift; sourceTree = "<group>"; };
		2644BC9F24EBFF5A008048CF /* Main.swift */ = {isa = PBXFileReference; lastKnownFileType = sourcecode.swift; path = Main.swift; sourceTree = "<group>"; };
		2644BCA124EBFF63008048CF /* Wind.swift */ = {isa = PBXFileReference; lastKnownFileType = sourcecode.swift; path = Wind.swift; sourceTree = "<group>"; };
		2644BCA324EBFF69008048CF /* Weather.swift */ = {isa = PBXFileReference; lastKnownFileType = sourcecode.swift; path = Weather.swift; sourceTree = "<group>"; };
		2644BCA524EBFF72008048CF /* Clouds.swift */ = {isa = PBXFileReference; lastKnownFileType = sourcecode.swift; path = Clouds.swift; sourceTree = "<group>"; };
		2644BCA724EBFF77008048CF /* Sys.swift */ = {isa = PBXFileReference; lastKnownFileType = sourcecode.swift; path = Sys.swift; sourceTree = "<group>"; };
		2648B45724EA46D300CDE1F0 /* WeatherMe.app */ = {isa = PBXFileReference; explicitFileType = wrapper.application; includeInIndex = 0; path = WeatherMe.app; sourceTree = BUILT_PRODUCTS_DIR; };
		2648B45A24EA46D300CDE1F0 /* AppDelegate.swift */ = {isa = PBXFileReference; lastKnownFileType = sourcecode.swift; path = AppDelegate.swift; sourceTree = "<group>"; };
		2648B45E24EA46D300CDE1F0 /* SearchViewController.swift */ = {isa = PBXFileReference; lastKnownFileType = sourcecode.swift; path = SearchViewController.swift; sourceTree = "<group>"; };
		2648B46424EA46D300CDE1F0 /* WeatherMe.xcdatamodel */ = {isa = PBXFileReference; lastKnownFileType = wrapper.xcdatamodel; path = WeatherMe.xcdatamodel; sourceTree = "<group>"; };
		2648B46624EA46D300CDE1F0 /* Assets.xcassets */ = {isa = PBXFileReference; lastKnownFileType = folder.assetcatalog; path = Assets.xcassets; sourceTree = "<group>"; };
		2648B46924EA46D300CDE1F0 /* Base */ = {isa = PBXFileReference; lastKnownFileType = file.storyboard; name = Base; path = Base.lproj/LaunchScreen.storyboard; sourceTree = "<group>"; };
		2648B46B24EA46D300CDE1F0 /* Info.plist */ = {isa = PBXFileReference; lastKnownFileType = text.plist.xml; path = Info.plist; sourceTree = "<group>"; };
		2648B47124EA4BDF00CDE1F0 /* SplashViewController.swift */ = {isa = PBXFileReference; lastKnownFileType = sourcecode.swift; path = SplashViewController.swift; sourceTree = "<group>"; };
		2648B47324EA4CCA00CDE1F0 /* RootViewController.swift */ = {isa = PBXFileReference; lastKnownFileType = sourcecode.swift; path = RootViewController.swift; sourceTree = "<group>"; };
		2648B47624EA544C00CDE1F0 /* SecondViewController.swift */ = {isa = PBXFileReference; lastKnownFileType = sourcecode.swift; path = SecondViewController.swift; sourceTree = "<group>"; };
		2648B47824EA545800CDE1F0 /* ThirdViewController.swift */ = {isa = PBXFileReference; lastKnownFileType = sourcecode.swift; path = ThirdViewController.swift; sourceTree = "<group>"; };
		2648B47B24EA5E6A00CDE1F0 /* DetailViewController.swift */ = {isa = PBXFileReference; lastKnownFileType = sourcecode.swift; path = DetailViewController.swift; sourceTree = "<group>"; };
		2648B47D24EA5F4100CDE1F0 /* UIView+Ext.swift */ = {isa = PBXFileReference; lastKnownFileType = sourcecode.swift; path = "UIView+Ext.swift"; sourceTree = "<group>"; };
		2648B47F24EA6F1900CDE1F0 /* SeachBar+Ext.swift */ = {isa = PBXFileReference; lastKnownFileType = sourcecode.swift; path = "SeachBar+Ext.swift"; sourceTree = "<group>"; };
		2648B48524EA8D8000CDE1F0 /* AlamofireManager.swift */ = {isa = PBXFileReference; lastKnownFileType = sourcecode.swift; path = AlamofireManager.swift; sourceTree = "<group>"; };
		2648B48724EA8DD000CDE1F0 /* BaseNetworkService.swift */ = {isa = PBXFileReference; lastKnownFileType = sourcecode.swift; path = BaseNetworkService.swift; sourceTree = "<group>"; };
		2648B48924EAA33E00CDE1F0 /* AlamofireError.swift */ = {isa = PBXFileReference; lastKnownFileType = sourcecode.swift; path = AlamofireError.swift; sourceTree = "<group>"; };
		2648B48B24EAA49200CDE1F0 /* WeatherRequests.swift */ = {isa = PBXFileReference; lastKnownFileType = sourcecode.swift; path = WeatherRequests.swift; sourceTree = "<group>"; };
		2648B48D24EAA83900CDE1F0 /* ServerCommunication.swift */ = {isa = PBXFileReference; lastKnownFileType = sourcecode.swift; path = ServerCommunication.swift; sourceTree = "<group>"; };
		2648B49024EAA8F300CDE1F0 /* WeatherDataProvider.swift */ = {isa = PBXFileReference; lastKnownFileType = sourcecode.swift; path = WeatherDataProvider.swift; sourceTree = "<group>"; };
		2648B49424EAB09500CDE1F0 /* BaseDataProvider.swift */ = {isa = PBXFileReference; lastKnownFileType = sourcecode.swift; path = BaseDataProvider.swift; sourceTree = "<group>"; };
		2648B49C24EABC1D00CDE1F0 /* City.swift */ = {isa = PBXFileReference; lastKnownFileType = sourcecode.swift; path = City.swift; sourceTree = "<group>"; };
		2648B49E24EABECA00CDE1F0 /* SearchViewControllerViewModel.swift */ = {isa = PBXFileReference; lastKnownFileType = sourcecode.swift; path = SearchViewControllerViewModel.swift; sourceTree = "<group>"; };
		2DAE8B488F153E36C3A5FC6A /* Pods-WeatherMe.debug.xcconfig */ = {isa = PBXFileReference; includeInIndex = 1; lastKnownFileType = text.xcconfig; name = "Pods-WeatherMe.debug.xcconfig"; path = "Target Support Files/Pods-WeatherMe/Pods-WeatherMe.debug.xcconfig"; sourceTree = "<group>"; };
		C3F598D6B501DE76A179E7CD /* Pods_WeatherMe.framework */ = {isa = PBXFileReference; explicitFileType = wrapper.framework; includeInIndex = 0; path = Pods_WeatherMe.framework; sourceTree = BUILT_PRODUCTS_DIR; };
		C881D3DE3F9A495C17C8A7C4 /* Pods-WeatherMe.release.xcconfig */ = {isa = PBXFileReference; includeInIndex = 1; lastKnownFileType = text.xcconfig; name = "Pods-WeatherMe.release.xcconfig"; path = "Target Support Files/Pods-WeatherMe/Pods-WeatherMe.release.xcconfig"; sourceTree = "<group>"; };
/* End PBXFileReference section */

/* Begin PBXFrameworksBuildPhase section */
		2648B45424EA46D300CDE1F0 /* Frameworks */ = {
			isa = PBXFrameworksBuildPhase;
			buildActionMask = 2147483647;
			files = (
				30E2C1FA781B7E6BC4873CC3 /* Pods_WeatherMe.framework in Frameworks */,
			);
			runOnlyForDeploymentPostprocessing = 0;
		};
/* End PBXFrameworksBuildPhase section */

/* Begin PBXGroup section */
		2643543B24ED21930070D997 /* Fonts */ = {
			isa = PBXGroup;
			children = (
				2643543F24ED21AF0070D997 /* SFUIText-Bold.ttf */,
				2643544224ED21AF0070D997 /* SFUIText-BoldItalic.ttf */,
				2643544024ED21AF0070D997 /* SFUIText-Heavy.ttf */,
				2643543E24ED21AF0070D997 /* SFUIText-HeavyItalic.ttf */,
				2643543D24ED21AF0070D997 /* SFUIText-Italic.ttf */,
				2643544624ED21AF0070D997 /* SFUIText-Light.ttf */,
				2643544124ED21AF0070D997 /* SFUIText-LightItalic.ttf */,
				2643544324ED21AF0070D997 /* SFUIText-Medium.ttf */,
				2643544424ED21AF0070D997 /* SFUIText-MediumItalic.ttf */,
				2643544724ED21AF0070D997 /* SFUIText-Regular.ttf */,
				2643544524ED21AF0070D997 /* SFUIText-Semibold.ttf */,
				2643543C24ED21AF0070D997 /* SFUIText-SemiboldItalic.ttf */,
			);
			path = Fonts;
			sourceTree = "<group>";
		};
		2644BC9A24EBBD4A008048CF /* Managers */ = {
			isa = PBXGroup;
			children = (
				2644BC9824EB9FFD008048CF /* ParsingManager.swift */,
				2644BC9B24EBBF84008048CF /* ProgressManager.swift */,
			);
			path = Managers;
			sourceTree = "<group>";
		};
		2648B44E24EA46D300CDE1F0 = {
			isa = PBXGroup;
			children = (
				2648B45924EA46D300CDE1F0 /* WeatherMe */,
				2648B45824EA46D300CDE1F0 /* Products */,
				7224BC55F76531E60D0A1FFB /* Pods */,
				38E9A9FCCCEDC8176A71680F /* Frameworks */,
			);
			sourceTree = "<group>";
		};
		2648B45824EA46D300CDE1F0 /* Products */ = {
			isa = PBXGroup;
			children = (
				2648B45724EA46D300CDE1F0 /* WeatherMe.app */,
			);
			name = Products;
			sourceTree = "<group>";
		};
		2648B45924EA46D300CDE1F0 /* WeatherMe */ = {
			isa = PBXGroup;
			children = (
				2648B49824EAB9A400CDE1F0 /* Models */,
				2648B49B24EABA4B00CDE1F0 /* Navigation */,
				2648B48424EA8D6C00CDE1F0 /* NetworkLayer */,
				2648B47A24EA5DAD00CDE1F0 /* Others */,
				2648B49A24EABA0100CDE1F0 /* Views */,
				2648B49924EAB9AE00CDE1F0 /* ViewModels */,
			);
			path = WeatherMe;
			sourceTree = "<group>";
		};
		2648B47524EA4FD400CDE1F0 /* RootViewController */ = {
			isa = PBXGroup;
			children = (
				2648B47324EA4CCA00CDE1F0 /* RootViewController.swift */,
				2648B47124EA4BDF00CDE1F0 /* SplashViewController.swift */,
				2648B46824EA46D300CDE1F0 /* LaunchScreen.storyboard */,
			);
			path = RootViewController;
			sourceTree = "<group>";
		};
		2648B47A24EA5DAD00CDE1F0 /* Others */ = {
			isa = PBXGroup;
			children = (
				2648B45A24EA46D300CDE1F0 /* AppDelegate.swift */,
				2648B46624EA46D300CDE1F0 /* Assets.xcassets */,
				2643545824ED549A0070D997 /* Colors.xcassets */,
				2648B46B24EA46D300CDE1F0 /* Info.plist */,
				2648B48224EA8B9400CDE1F0 /* CoreData */,
				2643543B24ED21930070D997 /* Fonts */,
				2648B48124EA8B8700CDE1F0 /* Extensions */,
				2644BC9A24EBBD4A008048CF /* Managers */,
			);
			path = Others;
			sourceTree = "<group>";
		};
		2648B48124EA8B8700CDE1F0 /* Extensions */ = {
			isa = PBXGroup;
			children = (
				2648B47D24EA5F4100CDE1F0 /* UIView+Ext.swift */,
				2648B47F24EA6F1900CDE1F0 /* SeachBar+Ext.swift */,
				2643545A24ED58220070D997 /* Float+Ext.swift */,
			);
			path = Extensions;
			sourceTree = "<group>";
		};
		2648B48224EA8B9400CDE1F0 /* CoreData */ = {
			isa = PBXGroup;
			children = (
				2648B46324EA46D300CDE1F0 /* WeatherMe.xcdatamodeld */,
			);
			path = CoreData;
			sourceTree = "<group>";
		};
		2648B48424EA8D6C00CDE1F0 /* NetworkLayer */ = {
			isa = PBXGroup;
			children = (
				2648B49624EAB87B00CDE1F0 /* Requests */,
				2648B48524EA8D8000CDE1F0 /* AlamofireManager.swift */,
				2648B48924EAA33E00CDE1F0 /* AlamofireError.swift */,
				2648B48724EA8DD000CDE1F0 /* BaseNetworkService.swift */,
			);
			path = NetworkLayer;
			sourceTree = "<group>";
		};
		2648B48F24EAA8E400CDE1F0 /* DataProvider */ = {
			isa = PBXGroup;
			children = (
				2648B49024EAA8F300CDE1F0 /* WeatherDataProvider.swift */,
				2648B49424EAB09500CDE1F0 /* BaseDataProvider.swift */,
			);
			path = DataProvider;
			sourceTree = "<group>";
		};
		2648B49624EAB87B00CDE1F0 /* Requests */ = {
			isa = PBXGroup;
			children = (
				2648B48B24EAA49200CDE1F0 /* WeatherRequests.swift */,
				2648B49724EAB8A500CDE1F0 /* ServerCommunication */,
			);
			path = Requests;
			sourceTree = "<group>";
		};
		2648B49724EAB8A500CDE1F0 /* ServerCommunication */ = {
			isa = PBXGroup;
			children = (
				2648B48D24EAA83900CDE1F0 /* ServerCommunication.swift */,
			);
			path = ServerCommunication;
			sourceTree = "<group>";
		};
		2648B49824EAB9A400CDE1F0 /* Models */ = {
			isa = PBXGroup;
			children = (
				2648B49C24EABC1D00CDE1F0 /* City.swift */,
				2644BC9D24EBFF54008048CF /* Coord.swift */,
				2644BCA524EBFF72008048CF /* Clouds.swift */,
				2644BC9F24EBFF5A008048CF /* Main.swift */,
				2644BCA724EBFF77008048CF /* Sys.swift */,
				2644BCA124EBFF63008048CF /* Wind.swift */,
				2644BCA324EBFF69008048CF /* Weather.swift */,
			);
			path = Models;
			sourceTree = "<group>";
		};
		2648B49924EAB9AE00CDE1F0 /* ViewModels */ = {
			isa = PBXGroup;
			children = (
				2648B49E24EABECA00CDE1F0 /* SearchViewControllerViewModel.swift */,
				2648B48F24EAA8E400CDE1F0 /* DataProvider */,
			);
			path = ViewModels;
			sourceTree = "<group>";
		};
		2648B49A24EABA0100CDE1F0 /* Views */ = {
			isa = PBXGroup;
			children = (
				2648B45E24EA46D300CDE1F0 /* SearchViewController.swift */,
				2648B47B24EA5E6A00CDE1F0 /* DetailViewController.swift */,
				2648B47624EA544C00CDE1F0 /* SecondViewController.swift */,
				2648B47824EA545800CDE1F0 /* ThirdViewController.swift */,
				2643545624ED34B30070D997 /* BaseViewController.swift */,
			);
			path = Views;
			sourceTree = "<group>";
		};
		2648B49B24EABA4B00CDE1F0 /* Navigation */ = {
			isa = PBXGroup;
			children = (
				2648B47524EA4FD400CDE1F0 /* RootViewController */,
			);
			path = Navigation;
			sourceTree = "<group>";
		};
		38E9A9FCCCEDC8176A71680F /* Frameworks */ = {
			isa = PBXGroup;
			children = (
				C3F598D6B501DE76A179E7CD /* Pods_WeatherMe.framework */,
			);
			name = Frameworks;
			sourceTree = "<group>";
		};
		7224BC55F76531E60D0A1FFB /* Pods */ = {
			isa = PBXGroup;
			children = (
				2DAE8B488F153E36C3A5FC6A /* Pods-WeatherMe.debug.xcconfig */,
				C881D3DE3F9A495C17C8A7C4 /* Pods-WeatherMe.release.xcconfig */,
			);
			path = Pods;
			sourceTree = "<group>";
		};
/* End PBXGroup section */

/* Begin PBXNativeTarget section */
		2648B45624EA46D300CDE1F0 /* WeatherMe */ = {
			isa = PBXNativeTarget;
			buildConfigurationList = 2648B46E24EA46D300CDE1F0 /* Build configuration list for PBXNativeTarget "WeatherMe" */;
			buildPhases = (
				A0A790E50B0D355B842609DE /* [CP] Check Pods Manifest.lock */,
				2648B45324EA46D300CDE1F0 /* Sources */,
				2648B45424EA46D300CDE1F0 /* Frameworks */,
				2648B45524EA46D300CDE1F0 /* Resources */,
				A454480F5EA75952D65B4F56 /* [CP] Embed Pods Frameworks */,
			);
			buildRules = (
			);
			dependencies = (
			);
			name = WeatherMe;
			productName = WeatherMe;
			productReference = 2648B45724EA46D300CDE1F0 /* WeatherMe.app */;
			productType = "com.apple.product-type.application";
		};
/* End PBXNativeTarget section */

/* Begin PBXProject section */
		2648B44F24EA46D300CDE1F0 /* Project object */ = {
			isa = PBXProject;
			attributes = {
				LastSwiftUpdateCheck = 1150;
				LastUpgradeCheck = 1150;
				ORGANIZATIONNAME = "Valeriy Kovalevskiy";
				TargetAttributes = {
					2648B45624EA46D300CDE1F0 = {
						CreatedOnToolsVersion = 11.5;
					};
				};
			};
			buildConfigurationList = 2648B45224EA46D300CDE1F0 /* Build configuration list for PBXProject "WeatherMe" */;
			compatibilityVersion = "Xcode 9.3";
			developmentRegion = en;
			hasScannedForEncodings = 0;
			knownRegions = (
				en,
				Base,
			);
			mainGroup = 2648B44E24EA46D300CDE1F0;
			productRefGroup = 2648B45824EA46D300CDE1F0 /* Products */;
			projectDirPath = "";
			projectRoot = "";
			targets = (
				2648B45624EA46D300CDE1F0 /* WeatherMe */,
			);
		};
/* End PBXProject section */

/* Begin PBXResourcesBuildPhase section */
		2648B45524EA46D300CDE1F0 /* Resources */ = {
			isa = PBXResourcesBuildPhase;
			buildActionMask = 2147483647;
			files = (
				2643545924ED549A0070D997 /* Colors.xcassets in Resources */,
				2643544824ED21B00070D997 /* SFUIText-SemiboldItalic.ttf in Resources */,
				2643545124ED21B00070D997 /* SFUIText-Semibold.ttf in Resources */,
				2648B46A24EA46D300CDE1F0 /* LaunchScreen.storyboard in Resources */,
				2643544A24ED21B00070D997 /* SFUIText-HeavyItalic.ttf in Resources */,
				2643544D24ED21B00070D997 /* SFUIText-LightItalic.ttf in Resources */,
				2643545224ED21B00070D997 /* SFUIText-Light.ttf in Resources */,
				2643544C24ED21B00070D997 /* SFUIText-Heavy.ttf in Resources */,
				2643544924ED21B00070D997 /* SFUIText-Italic.ttf in Resources */,
				2648B46724EA46D300CDE1F0 /* Assets.xcassets in Resources */,
				2643544E24ED21B00070D997 /* SFUIText-BoldItalic.ttf in Resources */,
				2643545024ED21B00070D997 /* SFUIText-MediumItalic.ttf in Resources */,
				2643545324ED21B00070D997 /* SFUIText-Regular.ttf in Resources */,
				2643544B24ED21B00070D997 /* SFUIText-Bold.ttf in Resources */,
				2643544F24ED21B00070D997 /* SFUIText-Medium.ttf in Resources */,
			);
			runOnlyForDeploymentPostprocessing = 0;
		};
/* End PBXResourcesBuildPhase section */

/* Begin PBXShellScriptBuildPhase section */
		A0A790E50B0D355B842609DE /* [CP] Check Pods Manifest.lock */ = {
			isa = PBXShellScriptBuildPhase;
			buildActionMask = 2147483647;
			files = (
			);
			inputFileListPaths = (
			);
			inputPaths = (
				"${PODS_PODFILE_DIR_PATH}/Podfile.lock",
				"${PODS_ROOT}/Manifest.lock",
			);
			name = "[CP] Check Pods Manifest.lock";
			outputFileListPaths = (
			);
			outputPaths = (
				"$(DERIVED_FILE_DIR)/Pods-WeatherMe-checkManifestLockResult.txt",
			);
			runOnlyForDeploymentPostprocessing = 0;
			shellPath = /bin/sh;
			shellScript = "diff \"${PODS_PODFILE_DIR_PATH}/Podfile.lock\" \"${PODS_ROOT}/Manifest.lock\" > /dev/null\nif [ $? != 0 ] ; then\n    # print error to STDERR\n    echo \"error: The sandbox is not in sync with the Podfile.lock. Run 'pod install' or update your CocoaPods installation.\" >&2\n    exit 1\nfi\n# This output is used by Xcode 'outputs' to avoid re-running this script phase.\necho \"SUCCESS\" > \"${SCRIPT_OUTPUT_FILE_0}\"\n";
			showEnvVarsInLog = 0;
		};
		A454480F5EA75952D65B4F56 /* [CP] Embed Pods Frameworks */ = {
			isa = PBXShellScriptBuildPhase;
			buildActionMask = 2147483647;
			files = (
			);
			inputFileListPaths = (
				"${PODS_ROOT}/Target Support Files/Pods-WeatherMe/Pods-WeatherMe-frameworks-${CONFIGURATION}-input-files.xcfilelist",
			);
			name = "[CP] Embed Pods Frameworks";
			outputFileListPaths = (
				"${PODS_ROOT}/Target Support Files/Pods-WeatherMe/Pods-WeatherMe-frameworks-${CONFIGURATION}-output-files.xcfilelist",
			);
			runOnlyForDeploymentPostprocessing = 0;
			shellPath = /bin/sh;
			shellScript = "\"${PODS_ROOT}/Target Support Files/Pods-WeatherMe/Pods-WeatherMe-frameworks.sh\"\n";
			showEnvVarsInLog = 0;
		};
/* End PBXShellScriptBuildPhase section */

/* Begin PBXSourcesBuildPhase section */
		2648B45324EA46D300CDE1F0 /* Sources */ = {
			isa = PBXSourcesBuildPhase;
			buildActionMask = 2147483647;
			files = (
				2648B47724EA544C00CDE1F0 /* SecondViewController.swift in Sources */,
				2648B49F24EABECA00CDE1F0 /* SearchViewControllerViewModel.swift in Sources */,
				2644BC9C24EBBF84008048CF /* ProgressManager.swift in Sources */,
				2644BCA624EBFF72008048CF /* Clouds.swift in Sources */,
				2648B47424EA4CCA00CDE1F0 /* RootViewController.swift in Sources */,
				2643545724ED34B30070D997 /* BaseViewController.swift in Sources */,
				2648B49D24EABC1D00CDE1F0 /* City.swift in Sources */,
				2644BC9924EB9FFD008048CF /* ParsingManager.swift in Sources */,
				2648B46524EA46D300CDE1F0 /* WeatherMe.xcdatamodeld in Sources */,
				2644BCA824EBFF77008048CF /* Sys.swift in Sources */,
				2648B47924EA545800CDE1F0 /* ThirdViewController.swift in Sources */,
				2648B45F24EA46D300CDE1F0 /* SearchViewController.swift in Sources */,
				2648B48824EA8DD000CDE1F0 /* BaseNetworkService.swift in Sources */,
				2644BCA024EBFF5A008048CF /* Main.swift in Sources */,
				2648B49524EAB09500CDE1F0 /* BaseDataProvider.swift in Sources */,
				2648B48A24EAA33E00CDE1F0 /* AlamofireError.swift in Sources */,
				2648B49124EAA8F300CDE1F0 /* WeatherDataProvider.swift in Sources */,
				2644BCA424EBFF69008048CF /* Weather.swift in Sources */,
				2648B47E24EA5F4100CDE1F0 /* UIView+Ext.swift in Sources */,
				2648B45B24EA46D300CDE1F0 /* AppDelegate.swift in Sources */,
				2648B47224EA4BDF00CDE1F0 /* SplashViewController.swift in Sources */,
				2648B48E24EAA83900CDE1F0 /* ServerCommunication.swift in Sources */,
				2644BC9E24EBFF54008048CF /* Coord.swift in Sources */,
				2643545B24ED58220070D997 /* Float+Ext.swift in Sources */,
				2648B48624EA8D8000CDE1F0 /* AlamofireManager.swift in Sources */,
				2648B48024EA6F1900CDE1F0 /* SeachBar+Ext.swift in Sources */,
				2648B48C24EAA49200CDE1F0 /* WeatherRequests.swift in Sources */,
				2648B47C24EA5E6A00CDE1F0 /* DetailViewController.swift in Sources */,
				2644BCA224EBFF63008048CF /* Wind.swift in Sources */,
			);
			runOnlyForDeploymentPostprocessing = 0;
		};
/* End PBXSourcesBuildPhase section */

/* Begin PBXVariantGroup section */
		2648B46824EA46D300CDE1F0 /* LaunchScreen.storyboard */ = {
			isa = PBXVariantGroup;
			children = (
				2648B46924EA46D300CDE1F0 /* Base */,
			);
			name = LaunchScreen.storyboard;
			sourceTree = "<group>";
		};
/* End PBXVariantGroup section */

/* Begin XCBuildConfiguration section */
		2648B46C24EA46D300CDE1F0 /* Debug */ = {
			isa = XCBuildConfiguration;
			buildSettings = {
				ALWAYS_SEARCH_USER_PATHS = NO;
				CLANG_ANALYZER_NONNULL = YES;
				CLANG_ANALYZER_NUMBER_OBJECT_CONVERSION = YES_AGGRESSIVE;
				CLANG_CXX_LANGUAGE_STANDARD = "gnu++14";
				CLANG_CXX_LIBRARY = "libc++";
				CLANG_ENABLE_MODULES = YES;
				CLANG_ENABLE_OBJC_ARC = YES;
				CLANG_ENABLE_OBJC_WEAK = YES;
				CLANG_WARN_BLOCK_CAPTURE_AUTORELEASING = YES;
				CLANG_WARN_BOOL_CONVERSION = YES;
				CLANG_WARN_COMMA = YES;
				CLANG_WARN_CONSTANT_CONVERSION = YES;
				CLANG_WARN_DEPRECATED_OBJC_IMPLEMENTATIONS = YES;
				CLANG_WARN_DIRECT_OBJC_ISA_USAGE = YES_ERROR;
				CLANG_WARN_DOCUMENTATION_COMMENTS = YES;
				CLANG_WARN_EMPTY_BODY = YES;
				CLANG_WARN_ENUM_CONVERSION = YES;
				CLANG_WARN_INFINITE_RECURSION = YES;
				CLANG_WARN_INT_CONVERSION = YES;
				CLANG_WARN_NON_LITERAL_NULL_CONVERSION = YES;
				CLANG_WARN_OBJC_IMPLICIT_RETAIN_SELF = YES;
				CLANG_WARN_OBJC_LITERAL_CONVERSION = YES;
				CLANG_WARN_OBJC_ROOT_CLASS = YES_ERROR;
				CLANG_WARN_RANGE_LOOP_ANALYSIS = YES;
				CLANG_WARN_STRICT_PROTOTYPES = YES;
				CLANG_WARN_SUSPICIOUS_MOVE = YES;
				CLANG_WARN_UNGUARDED_AVAILABILITY = YES_AGGRESSIVE;
				CLANG_WARN_UNREACHABLE_CODE = YES;
				CLANG_WARN__DUPLICATE_METHOD_MATCH = YES;
				COPY_PHASE_STRIP = NO;
				DEBUG_INFORMATION_FORMAT = dwarf;
				ENABLE_STRICT_OBJC_MSGSEND = YES;
				ENABLE_TESTABILITY = YES;
				GCC_C_LANGUAGE_STANDARD = gnu11;
				GCC_DYNAMIC_NO_PIC = NO;
				GCC_NO_COMMON_BLOCKS = YES;
				GCC_OPTIMIZATION_LEVEL = 0;
				GCC_PREPROCESSOR_DEFINITIONS = (
					"DEBUG=1",
					"$(inherited)",
				);
				GCC_WARN_64_TO_32_BIT_CONVERSION = YES;
				GCC_WARN_ABOUT_RETURN_TYPE = YES_ERROR;
				GCC_WARN_UNDECLARED_SELECTOR = YES;
				GCC_WARN_UNINITIALIZED_AUTOS = YES_AGGRESSIVE;
				GCC_WARN_UNUSED_FUNCTION = YES;
				GCC_WARN_UNUSED_VARIABLE = YES;
				IPHONEOS_DEPLOYMENT_TARGET = 13.5;
				MTL_ENABLE_DEBUG_INFO = INCLUDE_SOURCE;
				MTL_FAST_MATH = YES;
				ONLY_ACTIVE_ARCH = YES;
				SDKROOT = iphoneos;
				SWIFT_ACTIVE_COMPILATION_CONDITIONS = DEBUG;
				SWIFT_OPTIMIZATION_LEVEL = "-Onone";
			};
			name = Debug;
		};
		2648B46D24EA46D300CDE1F0 /* Release */ = {
			isa = XCBuildConfiguration;
			buildSettings = {
				ALWAYS_SEARCH_USER_PATHS = NO;
				CLANG_ANALYZER_NONNULL = YES;
				CLANG_ANALYZER_NUMBER_OBJECT_CONVERSION = YES_AGGRESSIVE;
				CLANG_CXX_LANGUAGE_STANDARD = "gnu++14";
				CLANG_CXX_LIBRARY = "libc++";
				CLANG_ENABLE_MODULES = YES;
				CLANG_ENABLE_OBJC_ARC = YES;
				CLANG_ENABLE_OBJC_WEAK = YES;
				CLANG_WARN_BLOCK_CAPTURE_AUTORELEASING = YES;
				CLANG_WARN_BOOL_CONVERSION = YES;
				CLANG_WARN_COMMA = YES;
				CLANG_WARN_CONSTANT_CONVERSION = YES;
				CLANG_WARN_DEPRECATED_OBJC_IMPLEMENTATIONS = YES;
				CLANG_WARN_DIRECT_OBJC_ISA_USAGE = YES_ERROR;
				CLANG_WARN_DOCUMENTATION_COMMENTS = YES;
				CLANG_WARN_EMPTY_BODY = YES;
				CLANG_WARN_ENUM_CONVERSION = YES;
				CLANG_WARN_INFINITE_RECURSION = YES;
				CLANG_WARN_INT_CONVERSION = YES;
				CLANG_WARN_NON_LITERAL_NULL_CONVERSION = YES;
				CLANG_WARN_OBJC_IMPLICIT_RETAIN_SELF = YES;
				CLANG_WARN_OBJC_LITERAL_CONVERSION = YES;
				CLANG_WARN_OBJC_ROOT_CLASS = YES_ERROR;
				CLANG_WARN_RANGE_LOOP_ANALYSIS = YES;
				CLANG_WARN_STRICT_PROTOTYPES = YES;
				CLANG_WARN_SUSPICIOUS_MOVE = YES;
				CLANG_WARN_UNGUARDED_AVAILABILITY = YES_AGGRESSIVE;
				CLANG_WARN_UNREACHABLE_CODE = YES;
				CLANG_WARN__DUPLICATE_METHOD_MATCH = YES;
				COPY_PHASE_STRIP = NO;
				DEBUG_INFORMATION_FORMAT = "dwarf-with-dsym";
				ENABLE_NS_ASSERTIONS = NO;
				ENABLE_STRICT_OBJC_MSGSEND = YES;
				GCC_C_LANGUAGE_STANDARD = gnu11;
				GCC_NO_COMMON_BLOCKS = YES;
				GCC_WARN_64_TO_32_BIT_CONVERSION = YES;
				GCC_WARN_ABOUT_RETURN_TYPE = YES_ERROR;
				GCC_WARN_UNDECLARED_SELECTOR = YES;
				GCC_WARN_UNINITIALIZED_AUTOS = YES_AGGRESSIVE;
				GCC_WARN_UNUSED_FUNCTION = YES;
				GCC_WARN_UNUSED_VARIABLE = YES;
				IPHONEOS_DEPLOYMENT_TARGET = 13.5;
				MTL_ENABLE_DEBUG_INFO = NO;
				MTL_FAST_MATH = YES;
				SDKROOT = iphoneos;
				SWIFT_COMPILATION_MODE = wholemodule;
				SWIFT_OPTIMIZATION_LEVEL = "-O";
				VALIDATE_PRODUCT = YES;
			};
			name = Release;
		};
		2648B46F24EA46D300CDE1F0 /* Debug */ = {
			isa = XCBuildConfiguration;
			baseConfigurationReference = 2DAE8B488F153E36C3A5FC6A /* Pods-WeatherMe.debug.xcconfig */;
			buildSettings = {
				ASSETCATALOG_COMPILER_APPICON_NAME = AppIcon;
				CODE_SIGN_STYLE = Automatic;
				DEVELOPMENT_TEAM = 2UV3UVQ6CK;
				INFOPLIST_FILE = "$(SRCROOT)/WeatherMe/Others/Info.plist";
				IPHONEOS_DEPLOYMENT_TARGET = 13.0;
				LD_RUNPATH_SEARCH_PATHS = (
					"$(inherited)",
					"@executable_path/Frameworks",
				);
				PRODUCT_BUNDLE_IDENTIFIER = v.kovalevskiy.WeatherMe;
				PRODUCT_NAME = "$(TARGET_NAME)";
				SWIFT_VERSION = 5.0;
				TARGETED_DEVICE_FAMILY = "1,2";
			};
			name = Debug;
		};
		2648B47024EA46D300CDE1F0 /* Release */ = {
			isa = XCBuildConfiguration;
			baseConfigurationReference = C881D3DE3F9A495C17C8A7C4 /* Pods-WeatherMe.release.xcconfig */;
			buildSettings = {
				ASSETCATALOG_COMPILER_APPICON_NAME = AppIcon;
				CODE_SIGN_STYLE = Automatic;
				DEVELOPMENT_TEAM = 2UV3UVQ6CK;
				INFOPLIST_FILE = "$(SRCROOT)/WeatherMe/Others/Info.plist";
				IPHONEOS_DEPLOYMENT_TARGET = 13.0;
				LD_RUNPATH_SEARCH_PATHS = (
					"$(inherited)",
					"@executable_path/Frameworks",
				);
				PRODUCT_BUNDLE_IDENTIFIER = v.kovalevskiy.WeatherMe;
				PRODUCT_NAME = "$(TARGET_NAME)";
				SWIFT_VERSION = 5.0;
				TARGETED_DEVICE_FAMILY = "1,2";
			};
			name = Release;
		};
/* End XCBuildConfiguration section */

/* Begin XCConfigurationList section */
		2648B45224EA46D300CDE1F0 /* Build configuration list for PBXProject "WeatherMe" */ = {
			isa = XCConfigurationList;
			buildConfigurations = (
				2648B46C24EA46D300CDE1F0 /* Debug */,
				2648B46D24EA46D300CDE1F0 /* Release */,
			);
			defaultConfigurationIsVisible = 0;
			defaultConfigurationName = Release;
		};
		2648B46E24EA46D300CDE1F0 /* Build configuration list for PBXNativeTarget "WeatherMe" */ = {
			isa = XCConfigurationList;
			buildConfigurations = (
				2648B46F24EA46D300CDE1F0 /* Debug */,
				2648B47024EA46D300CDE1F0 /* Release */,
			);
			defaultConfigurationIsVisible = 0;
			defaultConfigurationName = Release;
		};
/* End XCConfigurationList section */

/* Begin XCVersionGroup section */
		2648B46324EA46D300CDE1F0 /* WeatherMe.xcdatamodeld */ = {
			isa = XCVersionGroup;
			children = (
				2648B46424EA46D300CDE1F0 /* WeatherMe.xcdatamodel */,
			);
			currentVersion = 2648B46424EA46D300CDE1F0 /* WeatherMe.xcdatamodel */;
			path = WeatherMe.xcdatamodeld;
			sourceTree = "<group>";
			versionGroupType = wrapper.xcdatamodel;
		};
/* End XCVersionGroup section */
	};
	rootObject = 2648B44F24EA46D300CDE1F0 /* Project object */;
}
